// !$*UTF8*$!
{
	archiveVersion = 1;
	classes = {
	};
	objectVersion = 56;
	objects = {

/* Begin PBXBuildFile section */
		92EEEB9829A539530096A688 /* AppDelegate.swift in Sources */ = {isa = PBXBuildFile; fileRef = 92EEEB9729A539530096A688 /* AppDelegate.swift */; };
		92EEEB9A29A539530096A688 /* SceneDelegate.swift in Sources */ = {isa = PBXBuildFile; fileRef = 92EEEB9929A539530096A688 /* SceneDelegate.swift */; };
		92EEEB9C29A539530096A688 /* FaceMeshViewController.swift in Sources */ = {isa = PBXBuildFile; fileRef = 92EEEB9B29A539530096A688 /* FaceMeshViewController.swift */; };
		92EEEB9F29A539530096A688 /* Main.storyboard in Resources */ = {isa = PBXBuildFile; fileRef = 92EEEB9D29A539530096A688 /* Main.storyboard */; };
		92EEEBA129A539560096A688 /* Assets.xcassets in Resources */ = {isa = PBXBuildFile; fileRef = 92EEEBA029A539560096A688 /* Assets.xcassets */; };
		92EEEBA429A539560096A688 /* LaunchScreen.storyboard in Resources */ = {isa = PBXBuildFile; fileRef = 92EEEBA229A539560096A688 /* LaunchScreen.storyboard */; };
		92EEEBAC29A5619F0096A688 /* ARFaceGeometry.obj in Resources */ = {isa = PBXBuildFile; fileRef = 92EEEBAB29A5619F0096A688 /* ARFaceGeometry.obj */; };
		92EEEBAE29A60D0C0096A688 /* VirtualContent.swift in Sources */ = {isa = PBXBuildFile; fileRef = 92EEEBAD29A60D0C0096A688 /* VirtualContent.swift */; };
		92EEEBB129A60DD10096A688 /* VideoTexturedFace.swift in Sources */ = {isa = PBXBuildFile; fileRef = 92EEEBAF29A60DD10096A688 /* VideoTexturedFace.swift */; };
		92EEEBB229A60DD10096A688 /* WireframeFace.swift in Sources */ = {isa = PBXBuildFile; fileRef = 92EEEBB029A60DD10096A688 /* WireframeFace.swift */; };
		92EEEBB629A60EB90096A688 /* Utilities.swift in Sources */ = {isa = PBXBuildFile; fileRef = 92EEEBB529A60EB90096A688 /* Utilities.swift */; };
		92EEEBB829A60F560096A688 /* VideoTexturedFace.shader in Resources */ = {isa = PBXBuildFile; fileRef = 92EEEBB729A60F560096A688 /* VideoTexturedFace.shader */; };
/* End PBXBuildFile section */

/* Begin PBXFileReference section */
		92EEEB9429A539530096A688 /* FaceMeshSpike.app */ = {isa = PBXFileReference; explicitFileType = wrapper.application; includeInIndex = 0; path = FaceMeshSpike.app; sourceTree = BUILT_PRODUCTS_DIR; };
		92EEEB9729A539530096A688 /* AppDelegate.swift */ = {isa = PBXFileReference; lastKnownFileType = sourcecode.swift; path = AppDelegate.swift; sourceTree = "<group>"; };
		92EEEB9929A539530096A688 /* SceneDelegate.swift */ = {isa = PBXFileReference; lastKnownFileType = sourcecode.swift; path = SceneDelegate.swift; sourceTree = "<group>"; };
		92EEEB9B29A539530096A688 /* FaceMeshViewController.swift */ = {isa = PBXFileReference; lastKnownFileType = sourcecode.swift; path = FaceMeshViewController.swift; sourceTree = "<group>"; };
		92EEEB9E29A539530096A688 /* Base */ = {isa = PBXFileReference; lastKnownFileType = file.storyboard; name = Base; path = Base.lproj/Main.storyboard; sourceTree = "<group>"; };
		92EEEBA029A539560096A688 /* Assets.xcassets */ = {isa = PBXFileReference; lastKnownFileType = folder.assetcatalog; path = Assets.xcassets; sourceTree = "<group>"; };
		92EEEBA329A539560096A688 /* Base */ = {isa = PBXFileReference; lastKnownFileType = file.storyboard; name = Base; path = Base.lproj/LaunchScreen.storyboard; sourceTree = "<group>"; };
		92EEEBA529A539560096A688 /* Info.plist */ = {isa = PBXFileReference; lastKnownFileType = text.plist.xml; path = Info.plist; sourceTree = "<group>"; };
		92EEEBAB29A5619F0096A688 /* ARFaceGeometry.obj */ = {isa = PBXFileReference; fileEncoding = 4; lastKnownFileType = text; name = ARFaceGeometry.obj; path = FaceMeshSpike/ARFaceGeometry.obj; sourceTree = "<group>"; };
		92EEEBAD29A60D0C0096A688 /* VirtualContent.swift */ = {isa = PBXFileReference; lastKnownFileType = sourcecode.swift; path = VirtualContent.swift; sourceTree = "<group>"; };
		92EEEBAF29A60DD10096A688 /* VideoTexturedFace.swift */ = {isa = PBXFileReference; fileEncoding = 4; lastKnownFileType = sourcecode.swift; path = VideoTexturedFace.swift; sourceTree = "<group>"; };
		92EEEBB029A60DD10096A688 /* WireframeFace.swift */ = {isa = PBXFileReference; fileEncoding = 4; lastKnownFileType = sourcecode.swift; path = WireframeFace.swift; sourceTree = "<group>"; };
		92EEEBB529A60EB90096A688 /* Utilities.swift */ = {isa = PBXFileReference; lastKnownFileType = sourcecode.swift; path = Utilities.swift; sourceTree = "<group>"; };
		92EEEBB729A60F560096A688 /* VideoTexturedFace.shader */ = {isa = PBXFileReference; fileEncoding = 4; lastKnownFileType = text; path = VideoTexturedFace.shader; sourceTree = "<group>"; };
/* End PBXFileReference section */

/* Begin PBXFrameworksBuildPhase section */
		92EEEB9129A539530096A688 /* Frameworks */ = {
			isa = PBXFrameworksBuildPhase;
			buildActionMask = 2147483647;
			files = (
			);
			runOnlyForDeploymentPostprocessing = 0;
		};
/* End PBXFrameworksBuildPhase section */

/* Begin PBXGroup section */
		92EEEB8B29A539530096A688 = {
			isa = PBXGroup;
			children = (
				92EEEBAB29A5619F0096A688 /* ARFaceGeometry.obj */,
				92EEEB9629A539530096A688 /* FaceMeshSpike */,
				92EEEB9529A539530096A688 /* Products */,
			);
			sourceTree = "<group>";
		};
		92EEEB9529A539530096A688 /* Products */ = {
			isa = PBXGroup;
			children = (
				92EEEB9429A539530096A688 /* FaceMeshSpike.app */,
			);
			name = Products;
			sourceTree = "<group>";
		};
		92EEEB9629A539530096A688 /* FaceMeshSpike */ = {
			isa = PBXGroup;
			children = (
				92EEEBB729A60F560096A688 /* VideoTexturedFace.shader */,
				92EEEBB029A60DD10096A688 /* WireframeFace.swift */,
				92EEEBAF29A60DD10096A688 /* VideoTexturedFace.swift */,
				92EEEB9729A539530096A688 /* AppDelegate.swift */,
				92EEEB9929A539530096A688 /* SceneDelegate.swift */,
				92EEEBAD29A60D0C0096A688 /* VirtualContent.swift */,
				92EEEB9B29A539530096A688 /* FaceMeshViewController.swift */,
				92EEEB9D29A539530096A688 /* Main.storyboard */,
				92EEEBA029A539560096A688 /* Assets.xcassets */,
				92EEEBA229A539560096A688 /* LaunchScreen.storyboard */,
				92EEEBA529A539560096A688 /* Info.plist */,
				92EEEBB529A60EB90096A688 /* Utilities.swift */,
			);
			path = FaceMeshSpike;
			sourceTree = "<group>";
		};
/* End PBXGroup section */

/* Begin PBXNativeTarget section */
		92EEEB9329A539530096A688 /* FaceMeshSpike */ = {
			isa = PBXNativeTarget;
			buildConfigurationList = 92EEEBA829A539560096A688 /* Build configuration list for PBXNativeTarget "FaceMeshSpike" */;
			buildPhases = (
				92EEEB9029A539530096A688 /* Sources */,
				92EEEB9129A539530096A688 /* Frameworks */,
				92EEEB9229A539530096A688 /* Resources */,
			);
			buildRules = (
			);
			dependencies = (
			);
			name = FaceMeshSpike;
			productName = FaceMeshSpike;
			productReference = 92EEEB9429A539530096A688 /* FaceMeshSpike.app */;
			productType = "com.apple.product-type.application";
		};
/* End PBXNativeTarget section */

/* Begin PBXProject section */
		92EEEB8C29A539530096A688 /* Project object */ = {
			isa = PBXProject;
			attributes = {
				BuildIndependentTargetsInParallel = 1;
				LastSwiftUpdateCheck = 1420;
				LastUpgradeCheck = 1420;
				TargetAttributes = {
					92EEEB9329A539530096A688 = {
						CreatedOnToolsVersion = 14.2;
					};
				};
			};
			buildConfigurationList = 92EEEB8F29A539530096A688 /* Build configuration list for PBXProject "FaceMeshSpike" */;
			compatibilityVersion = "Xcode 14.0";
			developmentRegion = en;
			hasScannedForEncodings = 0;
			knownRegions = (
				en,
				Base,
			);
			mainGroup = 92EEEB8B29A539530096A688;
			productRefGroup = 92EEEB9529A539530096A688 /* Products */;
			projectDirPath = "";
			projectRoot = "";
			targets = (
				92EEEB9329A539530096A688 /* FaceMeshSpike */,
			);
		};
/* End PBXProject section */

/* Begin PBXResourcesBuildPhase section */
		92EEEB9229A539530096A688 /* Resources */ = {
			isa = PBXResourcesBuildPhase;
			buildActionMask = 2147483647;
			files = (
				92EEEBB829A60F560096A688 /* VideoTexturedFace.shader in Resources */,
				92EEEBA429A539560096A688 /* LaunchScreen.storyboard in Resources */,
				92EEEBAC29A5619F0096A688 /* ARFaceGeometry.obj in Resources */,
				92EEEBA129A539560096A688 /* Assets.xcassets in Resources */,
				92EEEB9F29A539530096A688 /* Main.storyboard in Resources */,
			);
			runOnlyForDeploymentPostprocessing = 0;
		};
/* End PBXResourcesBuildPhase section */

/* Begin PBXSourcesBuildPhase section */
		92EEEB9029A539530096A688 /* Sources */ = {
			isa = PBXSourcesBuildPhase;
			buildActionMask = 2147483647;
			files = (
				92EEEBB129A60DD10096A688 /* VideoTexturedFace.swift in Sources */,
				92EEEB9C29A539530096A688 /* FaceMeshViewController.swift in Sources */,
				92EEEBAE29A60D0C0096A688 /* VirtualContent.swift in Sources */,
				92EEEB9829A539530096A688 /* AppDelegate.swift in Sources */,
				92EEEB9A29A539530096A688 /* SceneDelegate.swift in Sources */,
				92EEEBB629A60EB90096A688 /* Utilities.swift in Sources */,
				92EEEBB229A60DD10096A688 /* WireframeFace.swift in Sources */,
			);
			runOnlyForDeploymentPostprocessing = 0;
		};
/* End PBXSourcesBuildPhase section */

/* Begin PBXVariantGroup section */
		92EEEB9D29A539530096A688 /* Main.storyboard */ = {
			isa = PBXVariantGroup;
			children = (
				92EEEB9E29A539530096A688 /* Base */,
			);
			name = Main.storyboard;
			sourceTree = "<group>";
		};
		92EEEBA229A539560096A688 /* LaunchScreen.storyboard */ = {
			isa = PBXVariantGroup;
			children = (
				92EEEBA329A539560096A688 /* Base */,
			);
			name = LaunchScreen.storyboard;
			sourceTree = "<group>";
		};
/* End PBXVariantGroup section */

/* Begin XCBuildConfiguration section */
		92EEEBA629A539560096A688 /* Debug */ = {
			isa = XCBuildConfiguration;
			buildSettings = {
				ALWAYS_SEARCH_USER_PATHS = NO;
				CLANG_ANALYZER_NONNULL = YES;
				CLANG_ANALYZER_NUMBER_OBJECT_CONVERSION = YES_AGGRESSIVE;
				CLANG_CXX_LANGUAGE_STANDARD = "gnu++20";
				CLANG_ENABLE_MODULES = YES;
				CLANG_ENABLE_OBJC_ARC = YES;
				CLANG_ENABLE_OBJC_WEAK = YES;
				CLANG_WARN_BLOCK_CAPTURE_AUTORELEASING = YES;
				CLANG_WARN_BOOL_CONVERSION = YES;
				CLANG_WARN_COMMA = YES;
				CLANG_WARN_CONSTANT_CONVERSION = YES;
				CLANG_WARN_DEPRECATED_OBJC_IMPLEMENTATIONS = YES;
				CLANG_WARN_DIRECT_OBJC_ISA_USAGE = YES_ERROR;
				CLANG_WARN_DOCUMENTATION_COMMENTS = YES;
				CLANG_WARN_EMPTY_BODY = YES;
				CLANG_WARN_ENUM_CONVERSION = YES;
				CLANG_WARN_INFINITE_RECURSION = YES;
				CLANG_WARN_INT_CONVERSION = YES;
				CLANG_WARN_NON_LITERAL_NULL_CONVERSION = YES;
				CLANG_WARN_OBJC_IMPLICIT_RETAIN_SELF = YES;
				CLANG_WARN_OBJC_LITERAL_CONVERSION = YES;
				CLANG_WARN_OBJC_ROOT_CLASS = YES_ERROR;
				CLANG_WARN_QUOTED_INCLUDE_IN_FRAMEWORK_HEADER = YES;
				CLANG_WARN_RANGE_LOOP_ANALYSIS = YES;
				CLANG_WARN_STRICT_PROTOTYPES = YES;
				CLANG_WARN_SUSPICIOUS_MOVE = YES;
				CLANG_WARN_UNGUARDED_AVAILABILITY = YES_AGGRESSIVE;
				CLANG_WARN_UNREACHABLE_CODE = YES;
				CLANG_WARN__DUPLICATE_METHOD_MATCH = YES;
				COPY_PHASE_STRIP = NO;
				DEBUG_INFORMATION_FORMAT = dwarf;
				ENABLE_STRICT_OBJC_MSGSEND = YES;
				ENABLE_TESTABILITY = YES;
				GCC_C_LANGUAGE_STANDARD = gnu11;
				GCC_DYNAMIC_NO_PIC = NO;
				GCC_NO_COMMON_BLOCKS = YES;
				GCC_OPTIMIZATION_LEVEL = 0;
				GCC_PREPROCESSOR_DEFINITIONS = (
					"DEBUG=1",
					"$(inherited)",
				);
				GCC_WARN_64_TO_32_BIT_CONVERSION = YES;
				GCC_WARN_ABOUT_RETURN_TYPE = YES_ERROR;
				GCC_WARN_UNDECLARED_SELECTOR = YES;
				GCC_WARN_UNINITIALIZED_AUTOS = YES_AGGRESSIVE;
				GCC_WARN_UNUSED_FUNCTION = YES;
				GCC_WARN_UNUSED_VARIABLE = YES;
				IPHONEOS_DEPLOYMENT_TARGET = 16.2;
				MTL_ENABLE_DEBUG_INFO = INCLUDE_SOURCE;
				MTL_FAST_MATH = YES;
				ONLY_ACTIVE_ARCH = YES;
				SDKROOT = iphoneos;
				SWIFT_ACTIVE_COMPILATION_CONDITIONS = DEBUG;
				SWIFT_OPTIMIZATION_LEVEL = "-Onone";
			};
			name = Debug;
		};
		92EEEBA729A539560096A688 /* Release */ = {
			isa = XCBuildConfiguration;
			buildSettings = {
				ALWAYS_SEARCH_USER_PATHS = NO;
				CLANG_ANALYZER_NONNULL = YES;
				CLANG_ANALYZER_NUMBER_OBJECT_CONVERSION = YES_AGGRESSIVE;
				CLANG_CXX_LANGUAGE_STANDARD = "gnu++20";
				CLANG_ENABLE_MODULES = YES;
				CLANG_ENABLE_OBJC_ARC = YES;
				CLANG_ENABLE_OBJC_WEAK = YES;
				CLANG_WARN_BLOCK_CAPTURE_AUTORELEASING = YES;
				CLANG_WARN_BOOL_CONVERSION = YES;
				CLANG_WARN_COMMA = YES;
				CLANG_WARN_CONSTANT_CONVERSION = YES;
				CLANG_WARN_DEPRECATED_OBJC_IMPLEMENTATIONS = YES;
				CLANG_WARN_DIRECT_OBJC_ISA_USAGE = YES_ERROR;
				CLANG_WARN_DOCUMENTATION_COMMENTS = YES;
				CLANG_WARN_EMPTY_BODY = YES;
				CLANG_WARN_ENUM_CONVERSION = YES;
				CLANG_WARN_INFINITE_RECURSION = YES;
				CLANG_WARN_INT_CONVERSION = YES;
				CLANG_WARN_NON_LITERAL_NULL_CONVERSION = YES;
				CLANG_WARN_OBJC_IMPLICIT_RETAIN_SELF = YES;
				CLANG_WARN_OBJC_LITERAL_CONVERSION = YES;
				CLANG_WARN_OBJC_ROOT_CLASS = YES_ERROR;
				CLANG_WARN_QUOTED_INCLUDE_IN_FRAMEWORK_HEADER = YES;
				CLANG_WARN_RANGE_LOOP_ANALYSIS = YES;
				CLANG_WARN_STRICT_PROTOTYPES = YES;
				CLANG_WARN_SUSPICIOUS_MOVE = YES;
				CLANG_WARN_UNGUARDED_AVAILABILITY = YES_AGGRESSIVE;
				CLANG_WARN_UNREACHABLE_CODE = YES;
				CLANG_WARN__DUPLICATE_METHOD_MATCH = YES;
				COPY_PHASE_STRIP = NO;
				DEBUG_INFORMATION_FORMAT = "dwarf-with-dsym";
				ENABLE_NS_ASSERTIONS = NO;
				ENABLE_STRICT_OBJC_MSGSEND = YES;
				GCC_C_LANGUAGE_STANDARD = gnu11;
				GCC_NO_COMMON_BLOCKS = YES;
				GCC_WARN_64_TO_32_BIT_CONVERSION = YES;
				GCC_WARN_ABOUT_RETURN_TYPE = YES_ERROR;
				GCC_WARN_UNDECLARED_SELECTOR = YES;
				GCC_WARN_UNINITIALIZED_AUTOS = YES_AGGRESSIVE;
				GCC_WARN_UNUSED_FUNCTION = YES;
				GCC_WARN_UNUSED_VARIABLE = YES;
				IPHONEOS_DEPLOYMENT_TARGET = 16.2;
				MTL_ENABLE_DEBUG_INFO = NO;
				MTL_FAST_MATH = YES;
				SDKROOT = iphoneos;
				SWIFT_COMPILATION_MODE = wholemodule;
				SWIFT_OPTIMIZATION_LEVEL = "-O";
				VALIDATE_PRODUCT = YES;
			};
			name = Release;
		};
		92EEEBA929A539560096A688 /* Debug */ = {
			isa = XCBuildConfiguration;
			buildSettings = {
				ASSETCATALOG_COMPILER_APPICON_NAME = AppIcon;
				ASSETCATALOG_COMPILER_GLOBAL_ACCENT_COLOR_NAME = AccentColor;
				CODE_SIGN_STYLE = Automatic;
				CURRENT_PROJECT_VERSION = 1;
				DEVELOPMENT_TEAM = 9QY93K6J63;
				GENERATE_INFOPLIST_FILE = YES;
				INFOPLIST_FILE = FaceMeshSpike/Info.plist;
				INFOPLIST_KEY_NSCameraUsageDescription = "face detection";
				INFOPLIST_KEY_UIApplicationSupportsIndirectInputEvents = YES;
				INFOPLIST_KEY_UILaunchStoryboardName = LaunchScreen;
				INFOPLIST_KEY_UIMainStoryboardFile = Main;
				INFOPLIST_KEY_UISupportedInterfaceOrientations_iPad = "UIInterfaceOrientationPortrait UIInterfaceOrientationPortraitUpsideDown UIInterfaceOrientationLandscapeLeft UIInterfaceOrientationLandscapeRight";
				INFOPLIST_KEY_UISupportedInterfaceOrientations_iPhone = "UIInterfaceOrientationPortrait UIInterfaceOrientationLandscapeLeft UIInterfaceOrientationLandscapeRight";
				LD_RUNPATH_SEARCH_PATHS = (
					"$(inherited)",
					"@executable_path/Frameworks",
				);
				MARKETING_VERSION = 1.0;
				PRODUCT_BUNDLE_IDENTIFIER = Xydus.FaceMeshSpike;
				PRODUCT_NAME = "$(TARGET_NAME)";
				SWIFT_EMIT_LOC_STRINGS = YES;
				SWIFT_VERSION = 5.0;
				TARGETED_DEVICE_FAMILY = "1,2";
			};
			name = Debug;
		};
		92EEEBAA29A539560096A688 /* Release */ = {
			isa = XCBuildConfiguration;
			buildSettings = {
				ASSETCATALOG_COMPILER_APPICON_NAME = AppIcon;
				ASSETCATALOG_COMPILER_GLOBAL_ACCENT_COLOR_NAME = AccentColor;
				CODE_SIGN_STYLE = Automatic;
				CURRENT_PROJECT_VERSION = 1;
				DEVELOPMENT_TEAM = 9QY93K6J63;
				GENERATE_INFOPLIST_FILE = YES;
				INFOPLIST_FILE = FaceMeshSpike/Info.plist;
				INFOPLIST_KEY_NSCameraUsageDescription = "face detection";
				INFOPLIST_KEY_UIApplicationSupportsIndirectInputEvents = YES;
				INFOPLIST_KEY_UILaunchStoryboardName = LaunchScreen;
				INFOPLIST_KEY_UIMainStoryboardFile = Main;
				INFOPLIST_KEY_UISupportedInterfaceOrientations_iPad = "UIInterfaceOrientationPortrait UIInterfaceOrientationPortraitUpsideDown UIInterfaceOrientationLandscapeLeft UIInterfaceOrientationLandscapeRight";
				INFOPLIST_KEY_UISupportedInterfaceOrientations_iPhone = "UIInterfaceOrientationPortrait UIInterfaceOrientationLandscapeLeft UIInterfaceOrientationLandscapeRight";
				LD_RUNPATH_SEARCH_PATHS = (
					"$(inherited)",
					"@executable_path/Frameworks",
				);
				MARKETING_VERSION = 1.0;
				PRODUCT_BUNDLE_IDENTIFIER = Xydus.FaceMeshSpike;
				PRODUCT_NAME = "$(TARGET_NAME)";
				SWIFT_EMIT_LOC_STRINGS = YES;
				SWIFT_VERSION = 5.0;
				TARGETED_DEVICE_FAMILY = "1,2";
			};
			name = Release;
		};
/* End XCBuildConfiguration section */

/* Begin XCConfigurationList section */
		92EEEB8F29A539530096A688 /* Build configuration list for PBXProject "FaceMeshSpike" */ = {
			isa = XCConfigurationList;
			buildConfigurations = (
				92EEEBA629A539560096A688 /* Debug */,
				92EEEBA729A539560096A688 /* Release */,
			);
			defaultConfigurationIsVisible = 0;
			defaultConfigurationName = Release;
		};
		92EEEBA829A539560096A688 /* Build configuration list for PBXNativeTarget "FaceMeshSpike" */ = {
			isa = XCConfigurationList;
			buildConfigurations = (
				92EEEBA929A539560096A688 /* Debug */,
				92EEEBAA29A539560096A688 /* Release */,
			);
			defaultConfigurationIsVisible = 0;
			defaultConfigurationName = Release;
		};
/* End XCConfigurationList section */
	};
	rootObject = 92EEEB8C29A539530096A688 /* Project object */;
}
